
Microsoft Visual Studio Solution File, Format Version 12.00
# Visual Studio Version 16
VisualStudioVersion = 25.0.1705.6
MinimumVisualStudioVersion = 10.0.40219.1
Project("{FAE04EC0-301F-11D3-BF4B-00C04F79EFBC}") = "urlShortener", "urlShortener\urlShortener.csproj", "{5DBFE5D7-1C75-4802-B529-7AF6BBE6E726}"
EndProject
Global
	GlobalSection(SolutionConfigurationPlatforms) = preSolution
		Debug|Any CPU = Debug|Any CPU
		Release|Any CPU = Release|Any CPU
	EndGlobalSection
	GlobalSection(ProjectConfigurationPlatforms) = postSolution
		{5DBFE5D7-1C75-4802-B529-7AF6BBE6E726}.Debug|Any CPU.ActiveCfg = Debug|Any CPU
		{5DBFE5D7-1C75-4802-B529-7AF6BBE6E726}.Debug|Any CPU.Build.0 = Debug|Any CPU
		{5DBFE5D7-1C75-4802-B529-7AF6BBE6E726}.Release|Any CPU.ActiveCfg = Release|Any CPU
		{5DBFE5D7-1C75-4802-B529-7AF6BBE6E726}.Release|Any CPU.Build.0 = Release|Any CPU
	EndGlobalSection
	GlobalSection(SolutionProperties) = preSolution
		HideSolutionNode = FALSE
	EndGlobalSection
	GlobalSection(ExtensibilityGlobals) = postSolution
		SolutionGuid = {9BB3F155-C554-4E0C-B630-8BBA04C4BFEA}
	EndGlobalSection
EndGlobal
